
Microsoft Visual Studio Solution File, Format Version 12.00
# Visual Studio 15
VisualStudioVersion = 15.0.28010.0
MinimumVisualStudioVersion = 10.0.40219.1
Project("{FAE04EC0-301F-11D3-BF4B-00C04F79EFBC}") = "Storage", "Storage\Storage.csproj", "{6FEFAD16-7B20-4341-B2D5-D389FBF62CF0}"
EndProject
Project("{FAE04EC0-301F-11D3-BF4B-00C04F79EFBC}") = "Storage.Console", "Sample\Storage.Console\Storage.Console.csproj", "{3B3FDB91-00C1-4097-8E01-8057CF528071}"
EndProject
Global
	GlobalSection(SolutionConfigurationPlatforms) = preSolution
		Debug|Any CPU = Debug|Any CPU
		Release|Any CPU = Release|Any CPU
	EndGlobalSection
	GlobalSection(ProjectConfigurationPlatforms) = postSolution
		{6FEFAD16-7B20-4341-B2D5-D389FBF62CF0}.Debug|Any CPU.ActiveCfg = Debug|Any CPU
		{6FEFAD16-7B20-4341-B2D5-D389FBF62CF0}.Debug|Any CPU.Build.0 = Debug|Any CPU
		{6FEFAD16-7B20-4341-B2D5-D389FBF62CF0}.Release|Any CPU.ActiveCfg = Release|Any CPU
		{6FEFAD16-7B20-4341-B2D5-D389FBF62CF0}.Release|Any CPU.Build.0 = Release|Any CPU
		{3B3FDB91-00C1-4097-8E01-8057CF528071}.Debug|Any CPU.ActiveCfg = Debug|Any CPU
		{3B3FDB91-00C1-4097-8E01-8057CF528071}.Debug|Any CPU.Build.0 = Debug|Any CPU
		{3B3FDB91-00C1-4097-8E01-8057CF528071}.Release|Any CPU.ActiveCfg = Release|Any CPU
		{3B3FDB91-00C1-4097-8E01-8057CF528071}.Release|Any CPU.Build.0 = Release|Any CPU
	EndGlobalSection
	GlobalSection(SolutionProperties) = preSolution
		HideSolutionNode = FALSE
	EndGlobalSection
	GlobalSection(ExtensibilityGlobals) = postSolution
		SolutionGuid = {3D2EF79A-193F-4C44-B9D1-3D36B9AFA5C8}
	EndGlobalSection
EndGlobal
